// !$*UTF8*$!
{
	archiveVersion = 1;
	classes = {
	};
	objectVersion = 50;
	objects = {

/* Begin PBXBuildFile section */
		D55E5BDE2261EC6000429F3B /* DataTool.m in Sources */ = {isa = PBXBuildFile; fileRef = D55E5BDD2261EC6000429F3B /* DataTool.m */; };
		D55E5BE22261EEED00429F3B /* BigButtonExpandClickRangeVC.m in Sources */ = {isa = PBXBuildFile; fileRef = D55E5BE12261EEED00429F3B /* BigButtonExpandClickRangeVC.m */; };
		D55E5BE52261F50300429F3B /* BigBtnFormat.m in Sources */ = {isa = PBXBuildFile; fileRef = D55E5BE42261F50300429F3B /* BigBtnFormat.m */; };
		D5F39796225F10D600043229 /* AppDelegate.m in Sources */ = {isa = PBXBuildFile; fileRef = D5F39795225F10D600043229 /* AppDelegate.m */; };
		D5F39799225F10D600043229 /* ViewController.m in Sources */ = {isa = PBXBuildFile; fileRef = D5F39798225F10D600043229 /* ViewController.m */; };
		D5F3979C225F10D600043229 /* Main.storyboard in Resources */ = {isa = PBXBuildFile; fileRef = D5F3979A225F10D600043229 /* Main.storyboard */; };
		D5F3979E225F10D600043229 /* Assets.xcassets in Resources */ = {isa = PBXBuildFile; fileRef = D5F3979D225F10D600043229 /* Assets.xcassets */; };
		D5F397A1225F10D600043229 /* LaunchScreen.storyboard in Resources */ = {isa = PBXBuildFile; fileRef = D5F3979F225F10D600043229 /* LaunchScreen.storyboard */; };
		D5F397A4225F10D600043229 /* main.m in Sources */ = {isa = PBXBuildFile; fileRef = D5F397A3225F10D600043229 /* main.m */; };
		D5F397AE225F114D00043229 /* BigButton.m in Sources */ = {isa = PBXBuildFile; fileRef = D5F397AD225F114D00043229 /* BigButton.m */; };
/* End PBXBuildFile section */

/* Begin PBXFileReference section */
		D55E5BDC2261EC6000429F3B /* DataTool.h */ = {isa = PBXFileReference; lastKnownFileType = sourcecode.c.h; path = DataTool.h; sourceTree = "<group>"; };
		D55E5BDD2261EC6000429F3B /* DataTool.m */ = {isa = PBXFileReference; lastKnownFileType = sourcecode.c.objc; path = DataTool.m; sourceTree = "<group>"; };
		D55E5BE02261EEED00429F3B /* BigButtonExpandClickRangeVC.h */ = {isa = PBXFileReference; lastKnownFileType = sourcecode.c.h; path = BigButtonExpandClickRangeVC.h; sourceTree = "<group>"; };
		D55E5BE12261EEED00429F3B /* BigButtonExpandClickRangeVC.m */ = {isa = PBXFileReference; lastKnownFileType = sourcecode.c.objc; path = BigButtonExpandClickRangeVC.m; sourceTree = "<group>"; };
		D55E5BE32261F50300429F3B /* BigBtnFormat.h */ = {isa = PBXFileReference; lastKnownFileType = sourcecode.c.h; path = BigBtnFormat.h; sourceTree = "<group>"; };
		D55E5BE42261F50300429F3B /* BigBtnFormat.m */ = {isa = PBXFileReference; lastKnownFileType = sourcecode.c.objc; path = BigBtnFormat.m; sourceTree = "<group>"; };
		D5F39791225F10D600043229 /* CodeSpace.app */ = {isa = PBXFileReference; explicitFileType = wrapper.application; includeInIndex = 0; path = CodeSpace.app; sourceTree = BUILT_PRODUCTS_DIR; };
		D5F39794225F10D600043229 /* AppDelegate.h */ = {isa = PBXFileReference; lastKnownFileType = sourcecode.c.h; path = AppDelegate.h; sourceTree = "<group>"; };
		D5F39795225F10D600043229 /* AppDelegate.m */ = {isa = PBXFileReference; lastKnownFileType = sourcecode.c.objc; path = AppDelegate.m; sourceTree = "<group>"; };
		D5F39797225F10D600043229 /* ViewController.h */ = {isa = PBXFileReference; lastKnownFileType = sourcecode.c.h; path = ViewController.h; sourceTree = "<group>"; };
		D5F39798225F10D600043229 /* ViewController.m */ = {isa = PBXFileReference; lastKnownFileType = sourcecode.c.objc; path = ViewController.m; sourceTree = "<group>"; };
		D5F3979B225F10D600043229 /* Base */ = {isa = PBXFileReference; lastKnownFileType = file.storyboard; name = Base; path = Base.lproj/Main.storyboard; sourceTree = "<group>"; };
		D5F3979D225F10D600043229 /* Assets.xcassets */ = {isa = PBXFileReference; lastKnownFileType = folder.assetcatalog; path = Assets.xcassets; sourceTree = "<group>"; };
		D5F397A0225F10D600043229 /* Base */ = {isa = PBXFileReference; lastKnownFileType = file.storyboard; name = Base; path = Base.lproj/LaunchScreen.storyboard; sourceTree = "<group>"; };
		D5F397A2225F10D600043229 /* Info.plist */ = {isa = PBXFileReference; lastKnownFileType = text.plist.xml; path = Info.plist; sourceTree = "<group>"; };
		D5F397A3225F10D600043229 /* main.m */ = {isa = PBXFileReference; lastKnownFileType = sourcecode.c.objc; path = main.m; sourceTree = "<group>"; };
		D5F397AB225F110600043229 /* PFButton.h */ = {isa = PBXFileReference; lastKnownFileType = sourcecode.c.h; path = PFButton.h; sourceTree = "<group>"; };
		D5F397AC225F114D00043229 /* BigButton.h */ = {isa = PBXFileReference; lastKnownFileType = sourcecode.c.h; path = BigButton.h; sourceTree = "<group>"; };
		D5F397AD225F114D00043229 /* BigButton.m */ = {isa = PBXFileReference; lastKnownFileType = sourcecode.c.objc; path = BigButton.m; sourceTree = "<group>"; };
/* End PBXFileReference section */

/* Begin PBXFrameworksBuildPhase section */
		D5F3978E225F10D600043229 /* Frameworks */ = {
			isa = PBXFrameworksBuildPhase;
			buildActionMask = 2147483647;
			files = (
			);
			runOnlyForDeploymentPostprocessing = 0;
		};
/* End PBXFrameworksBuildPhase section */

/* Begin PBXGroup section */
		D5F39788225F10D600043229 = {
			isa = PBXGroup;
			children = (
				D5F39793225F10D600043229 /* CodeSpace */,
				D5F39792225F10D600043229 /* Products */,
			);
			sourceTree = "<group>";
		};
		D5F39792225F10D600043229 /* Products */ = {
			isa = PBXGroup;
			children = (
				D5F39791225F10D600043229 /* CodeSpace.app */,
			);
			name = Products;
			sourceTree = "<group>";
		};
		D5F39793225F10D600043229 /* CodeSpace */ = {
			isa = PBXGroup;
			children = (
				D5F397AA225F10E000043229 /* PFButton */,
				D5F39794225F10D600043229 /* AppDelegate.h */,
				D5F39795225F10D600043229 /* AppDelegate.m */,
				D5F39797225F10D600043229 /* ViewController.h */,
				D5F39798225F10D600043229 /* ViewController.m */,
				D55E5BE02261EEED00429F3B /* BigButtonExpandClickRangeVC.h */,
				D55E5BE12261EEED00429F3B /* BigButtonExpandClickRangeVC.m */,
				D55E5BDC2261EC6000429F3B /* DataTool.h */,
				D55E5BDD2261EC6000429F3B /* DataTool.m */,
				D5F3979A225F10D600043229 /* Main.storyboard */,
				D5F3979D225F10D600043229 /* Assets.xcassets */,
				D5F3979F225F10D600043229 /* LaunchScreen.storyboard */,
				D5F397A2225F10D600043229 /* Info.plist */,
				D5F397A3225F10D600043229 /* main.m */,
			);
			path = CodeSpace;
			sourceTree = "<group>";
		};
		D5F397AA225F10E000043229 /* PFButton */ = {
			isa = PBXGroup;
			children = (
				D5F397AB225F110600043229 /* PFButton.h */,
				D5F397AC225F114D00043229 /* BigButton.h */,
				D5F397AD225F114D00043229 /* BigButton.m */,
				D55E5BE32261F50300429F3B /* BigBtnFormat.h */,
				D55E5BE42261F50300429F3B /* BigBtnFormat.m */,
			);
			path = PFButton;
			sourceTree = "<group>";
		};
/* End PBXGroup section */

/* Begin PBXNativeTarget section */
		D5F39790225F10D600043229 /* CodeSpace */ = {
			isa = PBXNativeTarget;
			buildConfigurationList = D5F397A7225F10D600043229 /* Build configuration list for PBXNativeTarget "CodeSpace" */;
			buildPhases = (
				D5F3978D225F10D600043229 /* Sources */,
				D5F3978E225F10D600043229 /* Frameworks */,
				D5F3978F225F10D600043229 /* Resources */,
			);
			buildRules = (
			);
			dependencies = (
			);
			name = CodeSpace;
			productName = CodeSpace;
			productReference = D5F39791225F10D600043229 /* CodeSpace.app */;
			productType = "com.apple.product-type.application";
		};
/* End PBXNativeTarget section */

/* Begin PBXProject section */
		D5F39789225F10D600043229 /* Project object */ = {
			isa = PBXProject;
			attributes = {
				LastUpgradeCheck = 1020;
				ORGANIZATIONNAME = spf;
				TargetAttributes = {
					D5F39790225F10D600043229 = {
						CreatedOnToolsVersion = 10.2;
					};
				};
			};
			buildConfigurationList = D5F3978C225F10D600043229 /* Build configuration list for PBXProject "CodeSpace" */;
			compatibilityVersion = "Xcode 9.3";
			developmentRegion = en;
			hasScannedForEncodings = 0;
			knownRegions = (
				en,
				Base,
			);
			mainGroup = D5F39788225F10D600043229;
			productRefGroup = D5F39792225F10D600043229 /* Products */;
			projectDirPath = "";
			projectRoot = "";
			targets = (
				D5F39790225F10D600043229 /* CodeSpace */,
			);
		};
/* End PBXProject section */

/* Begin PBXResourcesBuildPhase section */
		D5F3978F225F10D600043229 /* Resources */ = {
			isa = PBXResourcesBuildPhase;
			buildActionMask = 2147483647;
			files = (
				D5F397A1225F10D600043229 /* LaunchScreen.storyboard in Resources */,
				D5F3979E225F10D600043229 /* Assets.xcassets in Resources */,
				D5F3979C225F10D600043229 /* Main.storyboard in Resources */,
			);
			runOnlyForDeploymentPostprocessing = 0;
		};
/* End PBXResourcesBuildPhase section */

/* Begin PBXSourcesBuildPhase section */
		D5F3978D225F10D600043229 /* Sources */ = {
			isa = PBXSourcesBuildPhase;
			buildActionMask = 2147483647;
			files = (
				D5F397AE225F114D00043229 /* BigButton.m in Sources */,
				D55E5BE22261EEED00429F3B /* BigButtonExpandClickRangeVC.m in Sources */,
				D55E5BE52261F50300429F3B /* BigBtnFormat.m in Sources */,
				D55E5BDE2261EC6000429F3B /* DataTool.m in Sources */,
				D5F39799225F10D600043229 /* ViewController.m in Sources */,
				D5F397A4225F10D600043229 /* main.m in Sources */,
				D5F39796225F10D600043229 /* AppDelegate.m in Sources */,
			);
			runOnlyForDeploymentPostprocessing = 0;
		};
/* End PBXSourcesBuildPhase section */

/* Begin PBXVariantGroup section */
		D5F3979A225F10D600043229 /* Main.storyboard */ = {
			isa = PBXVariantGroup;
			children = (
				D5F3979B225F10D600043229 /* Base */,
			);
			name = Main.storyboard;
			sourceTree = "<group>";
		};
		D5F3979F225F10D600043229 /* LaunchScreen.storyboard */ = {
			isa = PBXVariantGroup;
			children = (
				D5F397A0225F10D600043229 /* Base */,
			);
			name = LaunchScreen.storyboard;
			sourceTree = "<group>";
		};
/* End PBXVariantGroup section */

/* Begin XCBuildConfiguration section */
		D5F397A5225F10D600043229 /* Debug */ = {
			isa = XCBuildConfiguration;
			buildSettings = {
				ALWAYS_SEARCH_USER_PATHS = NO;
				CLANG_ANALYZER_NONNULL = YES;
				CLANG_ANALYZER_NUMBER_OBJECT_CONVERSION = YES_AGGRESSIVE;
				CLANG_CXX_LANGUAGE_STANDARD = "gnu++14";
				CLANG_CXX_LIBRARY = "libc++";
				CLANG_ENABLE_MODULES = YES;
				CLANG_ENABLE_OBJC_ARC = YES;
				CLANG_ENABLE_OBJC_WEAK = YES;
				CLANG_WARN_BLOCK_CAPTURE_AUTORELEASING = YES;
				CLANG_WARN_BOOL_CONVERSION = YES;
				CLANG_WARN_COMMA = YES;
				CLANG_WARN_CONSTANT_CONVERSION = YES;
				CLANG_WARN_DEPRECATED_OBJC_IMPLEMENTATIONS = YES;
				CLANG_WARN_DIRECT_OBJC_ISA_USAGE = YES_ERROR;
				CLANG_WARN_DOCUMENTATION_COMMENTS = YES;
				CLANG_WARN_EMPTY_BODY = YES;
				CLANG_WARN_ENUM_CONVERSION = YES;
				CLANG_WARN_INFINITE_RECURSION = YES;
				CLANG_WARN_INT_CONVERSION = YES;
				CLANG_WARN_NON_LITERAL_NULL_CONVERSION = YES;
				CLANG_WARN_OBJC_IMPLICIT_RETAIN_SELF = YES;
				CLANG_WARN_OBJC_LITERAL_CONVERSION = YES;
				CLANG_WARN_OBJC_ROOT_CLASS = YES_ERROR;
				CLANG_WARN_RANGE_LOOP_ANALYSIS = YES;
				CLANG_WARN_STRICT_PROTOTYPES = YES;
				CLANG_WARN_SUSPICIOUS_MOVE = YES;
				CLANG_WARN_UNGUARDED_AVAILABILITY = YES_AGGRESSIVE;
				CLANG_WARN_UNREACHABLE_CODE = YES;
				CLANG_WARN__DUPLICATE_METHOD_MATCH = YES;
				CODE_SIGN_IDENTITY = "iPhone Developer";
				COPY_PHASE_STRIP = NO;
				DEBUG_INFORMATION_FORMAT = dwarf;
				ENABLE_STRICT_OBJC_MSGSEND = YES;
				ENABLE_TESTABILITY = YES;
				GCC_C_LANGUAGE_STANDARD = gnu11;
				GCC_DYNAMIC_NO_PIC = NO;
				GCC_NO_COMMON_BLOCKS = YES;
				GCC_OPTIMIZATION_LEVEL = 0;
				GCC_PREPROCESSOR_DEFINITIONS = (
					"DEBUG=1",
					"$(inherited)",
				);
				GCC_WARN_64_TO_32_BIT_CONVERSION = YES;
				GCC_WARN_ABOUT_RETURN_TYPE = YES_ERROR;
				GCC_WARN_UNDECLARED_SELECTOR = YES;
				GCC_WARN_UNINITIALIZED_AUTOS = YES_AGGRESSIVE;
				GCC_WARN_UNUSED_FUNCTION = YES;
				GCC_WARN_UNUSED_VARIABLE = YES;
				IPHONEOS_DEPLOYMENT_TARGET = 12.2;
				MTL_ENABLE_DEBUG_INFO = INCLUDE_SOURCE;
				MTL_FAST_MATH = YES;
				ONLY_ACTIVE_ARCH = YES;
				SDKROOT = iphoneos;
			};
			name = Debug;
		};
		D5F397A6225F10D600043229 /* Release */ = {
			isa = XCBuildConfiguration;
			buildSettings = {
				ALWAYS_SEARCH_USER_PATHS = NO;
				CLANG_ANALYZER_NONNULL = YES;
				CLANG_ANALYZER_NUMBER_OBJECT_CONVERSION = YES_AGGRESSIVE;
				CLANG_CXX_LANGUAGE_STANDARD = "gnu++14";
				CLANG_CXX_LIBRARY = "libc++";
				CLANG_ENABLE_MODULES = YES;
				CLANG_ENABLE_OBJC_ARC = YES;
				CLANG_ENABLE_OBJC_WEAK = YES;
				CLANG_WARN_BLOCK_CAPTURE_AUTORELEASING = YES;
				CLANG_WARN_BOOL_CONVERSION = YES;
				CLANG_WARN_COMMA = YES;
				CLANG_WARN_CONSTANT_CONVERSION = YES;
				CLANG_WARN_DEPRECATED_OBJC_IMPLEMENTATIONS = YES;
				CLANG_WARN_DIRECT_OBJC_ISA_USAGE = YES_ERROR;
				CLANG_WARN_DOCUMENTATION_COMMENTS = YES;
				CLANG_WARN_EMPTY_BODY = YES;
				CLANG_WARN_ENUM_CONVERSION = YES;
				CLANG_WARN_INFINITE_RECURSION = YES;
				CLANG_WARN_INT_CONVERSION = YES;
				CLANG_WARN_NON_LITERAL_NULL_CONVERSION = YES;
				CLANG_WARN_OBJC_IMPLICIT_RETAIN_SELF = YES;
				CLANG_WARN_OBJC_LITERAL_CONVERSION = YES;
				CLANG_WARN_OBJC_ROOT_CLASS = YES_ERROR;
				CLANG_WARN_RANGE_LOOP_ANALYSIS = YES;
				CLANG_WARN_STRICT_PROTOTYPES = YES;
				CLANG_WARN_SUSPICIOUS_MOVE = YES;
				CLANG_WARN_UNGUARDED_AVAILABILITY = YES_AGGRESSIVE;
				CLANG_WARN_UNREACHABLE_CODE = YES;
				CLANG_WARN__DUPLICATE_METHOD_MATCH = YES;
				CODE_SIGN_IDENTITY = "iPhone Developer";
				COPY_PHASE_STRIP = NO;
				DEBUG_INFORMATION_FORMAT = "dwarf-with-dsym";
				ENABLE_NS_ASSERTIONS = NO;
				ENABLE_STRICT_OBJC_MSGSEND = YES;
				GCC_C_LANGUAGE_STANDARD = gnu11;
				GCC_NO_COMMON_BLOCKS = YES;
				GCC_WARN_64_TO_32_BIT_CONVERSION = YES;
				GCC_WARN_ABOUT_RETURN_TYPE = YES_ERROR;
				GCC_WARN_UNDECLARED_SELECTOR = YES;
				GCC_WARN_UNINITIALIZED_AUTOS = YES_AGGRESSIVE;
				GCC_WARN_UNUSED_FUNCTION = YES;
				GCC_WARN_UNUSED_VARIABLE = YES;
				IPHONEOS_DEPLOYMENT_TARGET = 12.2;
				MTL_ENABLE_DEBUG_INFO = NO;
				MTL_FAST_MATH = YES;
				SDKROOT = iphoneos;
				VALIDATE_PRODUCT = YES;
			};
			name = Release;
		};
		D5F397A8225F10D600043229 /* Debug */ = {
			isa = XCBuildConfiguration;
			buildSettings = {
				ASSETCATALOG_COMPILER_APPICON_NAME = AppIcon;
				CODE_SIGN_STYLE = Automatic;
				DEVELOPMENT_TEAM = 6H9VZ8JAKD;
				INFOPLIST_FILE = CodeSpace/Info.plist;
				LD_RUNPATH_SEARCH_PATHS = (
					"$(inherited)",
					"@executable_path/Frameworks",
				);
				PRODUCT_BUNDLE_IDENTIFIER = net.duolaimei.pm.CodeSpace;
				PRODUCT_NAME = "$(TARGET_NAME)";
				TARGETED_DEVICE_FAMILY = "1,2";
			};
			name = Debug;
		};
		D5F397A9225F10D600043229 /* Release */ = {
			isa = XCBuildConfiguration;
			buildSettings = {
				ASSETCATALOG_COMPILER_APPICON_NAME = AppIcon;
				CODE_SIGN_STYLE = Automatic;
				DEVELOPMENT_TEAM = 6H9VZ8JAKD;
				INFOPLIST_FILE = CodeSpace/Info.plist;
				LD_RUNPATH_SEARCH_PATHS = (
					"$(inherited)",
					"@executable_path/Frameworks",
				);
				PRODUCT_BUNDLE_IDENTIFIER = net.duolaimei.pm.CodeSpace;
				PRODUCT_NAME = "$(TARGET_NAME)";
				TARGETED_DEVICE_FAMILY = "1,2";
			};
			name = Release;
		};
/* End XCBuildConfiguration section */

/* Begin XCConfigurationList section */
		D5F3978C225F10D600043229 /* Build configuration list for PBXProject "CodeSpace" */ = {
			isa = XCConfigurationList;
			buildConfigurations = (
				D5F397A5225F10D600043229 /* Debug */,
				D5F397A6225F10D600043229 /* Release */,
			);
			defaultConfigurationIsVisible = 0;
			defaultConfigurationName = Release;
		};
		D5F397A7225F10D600043229 /* Build configuration list for PBXNativeTarget "CodeSpace" */ = {
			isa = XCConfigurationList;
			buildConfigurations = (
				D5F397A8225F10D600043229 /* Debug */,
				D5F397A9225F10D600043229 /* Release */,
			);
			defaultConfigurationIsVisible = 0;
			defaultConfigurationName = Release;
		};
/* End XCConfigurationList section */
	};
	rootObject = D5F39789225F10D600043229 /* Project object */;
}
